
Microsoft Visual Studio Solution File, Format Version 12.00
# Visual Studio Version 17
VisualStudioVersion = 17.5.33627.172
MinimumVisualStudioVersion = 10.0.40219.1
Project("{2150E333-8FDC-42A3-9474-1A3956D46DE8}") = "back-end", "back-end", "{1F36CC50-40C0-407C-8568-D81801C31907}"
EndProject
Project("{2150E333-8FDC-42A3-9474-1A3956D46DE8}") = "front-end", "front-end", "{F74DC1F2-38CA-4EB6-B614-BE27249882BF}"
EndProject
Project("{2150E333-8FDC-42A3-9474-1A3956D46DE8}") = "tests", "tests", "{4C934728-AD81-487E-94CF-8D19052B3A77}"
EndProject
Project("{54A90642-561A-4BB1-A94E-469ADEE60C69}") = "vueapp", "front-end\vueapp\vueapp.esproj", "{21DDD875-4910-43FE-A4FF-AB9DDFEA41E5}"
EndProject
Project("{2150E333-8FDC-42A3-9474-1A3956D46DE8}") = "external-api", "external-api", "{AA81945B-344A-4455-AB71-466B9C1259FC}"
EndProject
Project("{9A19103F-16F7-4668-BE54-9A1E7A4F7556}") = "FileRepository.Api", "external-api\FileRepository.Api\FileRepository.Api.csproj", "{3DA5FB5D-EAF9-4B28-A2C0-C44B5118DD94}"
EndProject
Project("{9A19103F-16F7-4668-BE54-9A1E7A4F7556}") = "FileRepository.Functions", "external-api\FileRepository.Functions\FileRepository.Functions.csproj", "{6F0DC456-3110-4BB4-9D86-AEB95884A280}"
EndProject
Project("{9A19103F-16F7-4668-BE54-9A1E7A4F7556}") = "FileRepository.Application", "external-api\FileRepository.Application\FileRepository.Application.csproj", "{2F3E6AF3-CEC8-4AFA-B428-874A3C701FF9}"
EndProject
Project("{9A19103F-16F7-4668-BE54-9A1E7A4F7556}") = "FileRepository.Domain", "external-api\FileRepository.Domain\FileRepository.Domain.csproj", "{27A608A7-D246-443A-A191-3FF90D9E11DD}"
EndProject
Project("{FAE04EC0-301F-11D3-BF4B-00C04F79EFBC}") = "WoopiAiHub.Domain", "back-end\WoopiAiHub.Domain\WoopiAiHub.Domain.csproj", "{B83082B5-8B66-0872-F15A-2D117B1E65D2}"
EndProject
Project("{FAE04EC0-301F-11D3-BF4B-00C04F79EFBC}") = "WoopiAiHub.Application", "back-end\WoopiAiHub.Application\WoopiAiHub.Application.csproj", "{A7BF8093-2A69-809A-7929-6BB08E01E82E}"
EndProject
Project("{FAE04EC0-301F-11D3-BF4B-00C04F79EFBC}") = "WoopiAiHub.Repository", "back-end\WoopiAiHub.Repository\WoopiAiHub.Repository.csproj", "{2A6373E4-034C-F16D-9777-14809328C359}"
EndProject
Project("{FAE04EC0-301F-11D3-BF4B-00C04F79EFBC}") = "WoopiAiHub.Api", "back-end\WoopiAiHub.Api\WoopiAiHub.Api.csproj", "{6C674DA8-EFEC-718E-14B3-B16852563175}"
EndProject
Project("{FAE04EC0-301F-11D3-BF4B-00C04F79EFBC}") = "WoopiAiHub.UnitTests", "tests\WoopiAiHub.UnitTests\WoopiAiHub.UnitTests.csproj", "{4FA09E56-0359-4B47-278E-96D3343EC547}"
EndProject
Project("{FAE04EC0-301F-11D3-BF4B-00C04F79EFBC}") = "WoopiAiHub.Infrastructure", "back-end\WoopiAiHub.Infrastructure\WoopiAiHub.Infrastructure.csproj", "{6EC8220E-62FE-4C54-BBEF-7E35416CDC56}"
EndProject
Global
	GlobalSection(SolutionConfigurationPlatforms) = preSolution
		Debug|Any CPU = Debug|Any CPU
		Release|Any CPU = Release|Any CPU
	EndGlobalSection
	GlobalSection(ProjectConfigurationPlatforms) = postSolution
		{21DDD875-4910-43FE-A4FF-AB9DDFEA41E5}.Debug|Any CPU.ActiveCfg = Debug|Any CPU
		{21DDD875-4910-43FE-A4FF-AB9DDFEA41E5}.Debug|Any CPU.Build.0 = Debug|Any CPU
		{21DDD875-4910-43FE-A4FF-AB9DDFEA41E5}.Debug|Any CPU.Deploy.0 = Debug|Any CPU
		{21DDD875-4910-43FE-A4FF-AB9DDFEA41E5}.Release|Any CPU.ActiveCfg = Release|Any CPU
		{21DDD875-4910-43FE-A4FF-AB9DDFEA41E5}.Release|Any CPU.Build.0 = Release|Any CPU
		{21DDD875-4910-43FE-A4FF-AB9DDFEA41E5}.Release|Any CPU.Deploy.0 = Release|Any CPU
		{3DA5FB5D-EAF9-4B28-A2C0-C44B5118DD94}.Debug|Any CPU.ActiveCfg = Debug|Any CPU
		{3DA5FB5D-EAF9-4B28-A2C0-C44B5118DD94}.Debug|Any CPU.Build.0 = Debug|Any CPU
		{3DA5FB5D-EAF9-4B28-A2C0-C44B5118DD94}.Release|Any CPU.ActiveCfg = Release|Any CPU
		{3DA5FB5D-EAF9-4B28-A2C0-C44B5118DD94}.Release|Any CPU.Build.0 = Release|Any CPU
		{6F0DC456-3110-4BB4-9D86-AEB95884A280}.Debug|Any CPU.ActiveCfg = Debug|Any CPU
		{6F0DC456-3110-4BB4-9D86-AEB95884A280}.Debug|Any CPU.Build.0 = Debug|Any CPU
		{6F0DC456-3110-4BB4-9D86-AEB95884A280}.Release|Any CPU.ActiveCfg = Release|Any CPU
		{6F0DC456-3110-4BB4-9D86-AEB95884A280}.Release|Any CPU.Build.0 = Release|Any CPU
		{2F3E6AF3-CEC8-4AFA-B428-874A3C701FF9}.Debug|Any CPU.ActiveCfg = Debug|Any CPU
		{2F3E6AF3-CEC8-4AFA-B428-874A3C701FF9}.Debug|Any CPU.Build.0 = Debug|Any CPU
		{2F3E6AF3-CEC8-4AFA-B428-874A3C701FF9}.Release|Any CPU.ActiveCfg = Release|Any CPU
		{2F3E6AF3-CEC8-4AFA-B428-874A3C701FF9}.Release|Any CPU.Build.0 = Release|Any CPU
		{27A608A7-D246-443A-A191-3FF90D9E11DD}.Debug|Any CPU.ActiveCfg = Debug|Any CPU
		{27A608A7-D246-443A-A191-3FF90D9E11DD}.Debug|Any CPU.Build.0 = Debug|Any CPU
		{27A608A7-D246-443A-A191-3FF90D9E11DD}.Release|Any CPU.ActiveCfg = Release|Any CPU
		{27A608A7-D246-443A-A191-3FF90D9E11DD}.Release|Any CPU.Build.0 = Release|Any CPU
		{B83082B5-8B66-0872-F15A-2D117B1E65D2}.Debug|Any CPU.ActiveCfg = Debug|Any CPU
		{B83082B5-8B66-0872-F15A-2D117B1E65D2}.Debug|Any CPU.Build.0 = Debug|Any CPU
		{B83082B5-8B66-0872-F15A-2D117B1E65D2}.Release|Any CPU.ActiveCfg = Release|Any CPU
		{B83082B5-8B66-0872-F15A-2D117B1E65D2}.Release|Any CPU.Build.0 = Release|Any CPU
		{A7BF8093-2A69-809A-7929-6BB08E01E82E}.Debug|Any CPU.ActiveCfg = Debug|Any CPU
		{A7BF8093-2A69-809A-7929-6BB08E01E82E}.Debug|Any CPU.Build.0 = Debug|Any CPU
		{A7BF8093-2A69-809A-7929-6BB08E01E82E}.Release|Any CPU.ActiveCfg = Release|Any CPU
		{A7BF8093-2A69-809A-7929-6BB08E01E82E}.Release|Any CPU.Build.0 = Release|Any CPU
		{2A6373E4-034C-F16D-9777-14809328C359}.Debug|Any CPU.ActiveCfg = Debug|Any CPU
		{2A6373E4-034C-F16D-9777-14809328C359}.Debug|Any CPU.Build.0 = Debug|Any CPU
		{2A6373E4-034C-F16D-9777-14809328C359}.Release|Any CPU.ActiveCfg = Release|Any CPU
		{2A6373E4-034C-F16D-9777-14809328C359}.Release|Any CPU.Build.0 = Release|Any CPU
		{6C674DA8-EFEC-718E-14B3-B16852563175}.Debug|Any CPU.ActiveCfg = Debug|Any CPU
		{6C674DA8-EFEC-718E-14B3-B16852563175}.Debug|Any CPU.Build.0 = Debug|Any CPU
		{6C674DA8-EFEC-718E-14B3-B16852563175}.Release|Any CPU.ActiveCfg = Release|Any CPU
		{6C674DA8-EFEC-718E-14B3-B16852563175}.Release|Any CPU.Build.0 = Release|Any CPU
		{4FA09E56-0359-4B47-278E-96D3343EC547}.Debug|Any CPU.ActiveCfg = Debug|Any CPU
		{4FA09E56-0359-4B47-278E-96D3343EC547}.Debug|Any CPU.Build.0 = Debug|Any CPU
		{4FA09E56-0359-4B47-278E-96D3343EC547}.Release|Any CPU.ActiveCfg = Release|Any CPU
		{4FA09E56-0359-4B47-278E-96D3343EC547}.Release|Any CPU.Build.0 = Release|Any CPU
		{6EC8220E-62FE-4C54-BBEF-7E35416CDC56}.Debug|Any CPU.ActiveCfg = Debug|Any CPU
		{6EC8220E-62FE-4C54-BBEF-7E35416CDC56}.Debug|Any CPU.Build.0 = Debug|Any CPU
		{6EC8220E-62FE-4C54-BBEF-7E35416CDC56}.Release|Any CPU.ActiveCfg = Release|Any CPU
		{6EC8220E-62FE-4C54-BBEF-7E35416CDC56}.Release|Any CPU.Build.0 = Release|Any CPU
	EndGlobalSection
	GlobalSection(SolutionProperties) = preSolution
		HideSolutionNode = FALSE
	EndGlobalSection
	GlobalSection(NestedProjects) = preSolution
		{21DDD875-4910-43FE-A4FF-AB9DDFEA41E5} = {F74DC1F2-38CA-4EB6-B614-BE27249882BF}
		{3DA5FB5D-EAF9-4B28-A2C0-C44B5118DD94} = {AA81945B-344A-4455-AB71-466B9C1259FC}
		{6F0DC456-3110-4BB4-9D86-AEB95884A280} = {AA81945B-344A-4455-AB71-466B9C1259FC}
		{2F3E6AF3-CEC8-4AFA-B428-874A3C701FF9} = {AA81945B-344A-4455-AB71-466B9C1259FC}
		{27A608A7-D246-443A-A191-3FF90D9E11DD} = {AA81945B-344A-4455-AB71-466B9C1259FC}
		{B83082B5-8B66-0872-F15A-2D117B1E65D2} = {1F36CC50-40C0-407C-8568-D81801C31907}
		{A7BF8093-2A69-809A-7929-6BB08E01E82E} = {1F36CC50-40C0-407C-8568-D81801C31907}
		{2A6373E4-034C-F16D-9777-14809328C359} = {1F36CC50-40C0-407C-8568-D81801C31907}
		{6C674DA8-EFEC-718E-14B3-B16852563175} = {1F36CC50-40C0-407C-8568-D81801C31907}
		{4FA09E56-0359-4B47-278E-96D3343EC547} = {4C934728-AD81-487E-94CF-8D19052B3A77}
		{6EC8220E-62FE-4C54-BBEF-7E35416CDC56} = {1F36CC50-40C0-407C-8568-D81801C31907}
	EndGlobalSection
	GlobalSection(ExtensibilityGlobals) = postSolution
		SolutionGuid = {DA9A9B81-B6D5-49E3-898E-AF1666ABD260}
	EndGlobalSection
EndGlobal
